
Microsoft Visual Studio Solution File, Format Version 12.00
# Visual Studio Version 16
VisualStudioVersion = 16.0.29920.165
MinimumVisualStudioVersion = 10.0.40219.1
Project("{FAE04EC0-301F-11D3-BF4B-00C04F79EFBC}") = "Mantenimiento de almacen", "Mantenimiento de almacen.csproj", "{C9F8D9B9-2861-43B1-80C7-521DD3DA15C0}"
EndProject
Global
	GlobalSection(SolutionConfigurationPlatforms) = preSolution
		Debug|Any CPU = Debug|Any CPU
		Release|Any CPU = Release|Any CPU
	EndGlobalSection
	GlobalSection(ProjectConfigurationPlatforms) = postSolution
		{C9F8D9B9-2861-43B1-80C7-521DD3DA15C0}.Debug|Any CPU.ActiveCfg = Debug|Any CPU
		{C9F8D9B9-2861-43B1-80C7-521DD3DA15C0}.Debug|Any CPU.Build.0 = Debug|Any CPU
		{C9F8D9B9-2861-43B1-80C7-521DD3DA15C0}.Release|Any CPU.ActiveCfg = Release|Any CPU
		{C9F8D9B9-2861-43B1-80C7-521DD3DA15C0}.Release|Any CPU.Build.0 = Release|Any CPU
	EndGlobalSection
	GlobalSection(SolutionProperties) = preSolution
		HideSolutionNode = FALSE
	EndGlobalSection
	GlobalSection(ExtensibilityGlobals) = postSolution
		SolutionGuid = {2277ABBF-D8BA-4523-9593-96A7A372FD9E}
	EndGlobalSection
EndGlobal
